// !$*UTF8*$!
{
	archiveVersion = 1;
	classes = {
	};
	objectVersion = 56;
	objects = {

/* Begin PBXBuildFile section */
		4974AD052B7382780088DE46 /* AnagrammiApp.swift in Sources */ = {isa = PBXBuildFile; fileRef = 4974AD042B7382780088DE46 /* AnagrammiApp.swift */; };
		4974AD072B7382780088DE46 /* ContentView.swift in Sources */ = {isa = PBXBuildFile; fileRef = 4974AD062B7382780088DE46 /* ContentView.swift */; };
		4974AD092B7382790088DE46 /* Assets.xcassets in Resources */ = {isa = PBXBuildFile; fileRef = 4974AD082B7382790088DE46 /* Assets.xcassets */; };
		4974AD0C2B7382790088DE46 /* Preview Assets.xcassets in Resources */ = {isa = PBXBuildFile; fileRef = 4974AD0B2B7382790088DE46 /* Preview Assets.xcassets */; };
		4974AD152B7393B20088DE46 /* WordsList.swift in Sources */ = {isa = PBXBuildFile; fileRef = 4974AD142B7393B20088DE46 /* WordsList.swift */; };
		4974AD172B73B0FE0088DE46 /* InsertSentencePopover.swift in Sources */ = {isa = PBXBuildFile; fileRef = 4974AD162B73B0FE0088DE46 /* InsertSentencePopover.swift */; };
		49753F652B76E08700AFBA0C /* WordImporter.swift in Sources */ = {isa = PBXBuildFile; fileRef = 49753F642B76E08700AFBA0C /* WordImporter.swift */; };
		49753F662B77DEDC00AFBA0C /* WordImporter.swift in Sources */ = {isa = PBXBuildFile; fileRef = 49753F642B76E08700AFBA0C /* WordImporter.swift */; };
		49753F892B77EE0800AFBA0C /* Words in Resources */ = {isa = PBXBuildFile; fileRef = 49753F882B77EE0800AFBA0C /* Words */; };
		49753F8A2B77EE0800AFBA0C /* Words in Resources */ = {isa = PBXBuildFile; fileRef = 49753F882B77EE0800AFBA0C /* Words */; };
		49B94F472B744555000C7236 /* ContentView.swift in Sources */ = {isa = PBXBuildFile; fileRef = 4974AD062B7382780088DE46 /* ContentView.swift */; };
		49B94F482B744555000C7236 /* WordsList.swift in Sources */ = {isa = PBXBuildFile; fileRef = 4974AD142B7393B20088DE46 /* WordsList.swift */; };
		49B94F492B744555000C7236 /* AnagrammiApp.swift in Sources */ = {isa = PBXBuildFile; fileRef = 4974AD042B7382780088DE46 /* AnagrammiApp.swift */; };
		49B94F4A2B744555000C7236 /* Toolbar.swift in Sources */ = {isa = PBXBuildFile; fileRef = 49E0E91D2B742D170077B53B /* Toolbar.swift */; };
		49B94F4B2B744555000C7236 /* InsertSentencePopover.swift in Sources */ = {isa = PBXBuildFile; fileRef = 4974AD162B73B0FE0088DE46 /* InsertSentencePopover.swift */; };
		49B94F4E2B744555000C7236 /* Preview Assets.xcassets in Resources */ = {isa = PBXBuildFile; fileRef = 4974AD0B2B7382790088DE46 /* Preview Assets.xcassets */; };
		49B94F4F2B744555000C7236 /* Assets.xcassets in Resources */ = {isa = PBXBuildFile; fileRef = 4974AD082B7382790088DE46 /* Assets.xcassets */; };
		49E0E91E2B742D170077B53B /* Toolbar.swift in Sources */ = {isa = PBXBuildFile; fileRef = 49E0E91D2B742D170077B53B /* Toolbar.swift */; };
/* End PBXBuildFile section */

/* Begin PBXFileReference section */
		4974AD012B7382780088DE46 /* Anagrammi GUI.app */ = {isa = PBXFileReference; explicitFileType = wrapper.application; includeInIndex = 0; path = "Anagrammi GUI.app"; sourceTree = BUILT_PRODUCTS_DIR; };
		4974AD042B7382780088DE46 /* AnagrammiApp.swift */ = {isa = PBXFileReference; lastKnownFileType = sourcecode.swift; path = AnagrammiApp.swift; sourceTree = "<group>"; };
		4974AD062B7382780088DE46 /* ContentView.swift */ = {isa = PBXFileReference; lastKnownFileType = sourcecode.swift; path = ContentView.swift; sourceTree = "<group>"; };
		4974AD082B7382790088DE46 /* Assets.xcassets */ = {isa = PBXFileReference; lastKnownFileType = folder.assetcatalog; path = Assets.xcassets; sourceTree = "<group>"; };
		4974AD0B2B7382790088DE46 /* Preview Assets.xcassets */ = {isa = PBXFileReference; lastKnownFileType = folder.assetcatalog; path = "Preview Assets.xcassets"; sourceTree = "<group>"; };
		4974AD0D2B7382790088DE46 /* Anagrammi_GUI.entitlements */ = {isa = PBXFileReference; lastKnownFileType = text.plist.entitlements; path = Anagrammi_GUI.entitlements; sourceTree = "<group>"; };
		4974AD142B7393B20088DE46 /* WordsList.swift */ = {isa = PBXFileReference; lastKnownFileType = sourcecode.swift; path = WordsList.swift; sourceTree = "<group>"; };
		4974AD162B73B0FE0088DE46 /* InsertSentencePopover.swift */ = {isa = PBXFileReference; lastKnownFileType = sourcecode.swift; path = InsertSentencePopover.swift; sourceTree = "<group>"; };
		49753F642B76E08700AFBA0C /* WordImporter.swift */ = {isa = PBXFileReference; lastKnownFileType = sourcecode.swift; path = WordImporter.swift; sourceTree = "<group>"; };
		49753F882B77EE0800AFBA0C /* Words */ = {isa = PBXFileReference; lastKnownFileType = folder; path = Words; sourceTree = "<group>"; };
		49B94F532B744555000C7236 /* Old macos.app */ = {isa = PBXFileReference; explicitFileType = wrapper.application; includeInIndex = 0; path = "Old macos.app"; sourceTree = BUILT_PRODUCTS_DIR; };
		49E0E91D2B742D170077B53B /* Toolbar.swift */ = {isa = PBXFileReference; lastKnownFileType = sourcecode.swift; path = Toolbar.swift; sourceTree = "<group>"; };
/* End PBXFileReference section */

/* Begin PBXFrameworksBuildPhase section */
		4974ACFE2B7382780088DE46 /* Frameworks */ = {
			isa = PBXFrameworksBuildPhase;
			buildActionMask = 2147483647;
			files = (
			);
			runOnlyForDeploymentPostprocessing = 0;
		};
		49B94F4C2B744555000C7236 /* Frameworks */ = {
			isa = PBXFrameworksBuildPhase;
			buildActionMask = 2147483647;
			files = (
			);
			runOnlyForDeploymentPostprocessing = 0;
		};
/* End PBXFrameworksBuildPhase section */

/* Begin PBXGroup section */
		4974ACF82B7382780088DE46 = {
			isa = PBXGroup;
			children = (
				4974AD032B7382780088DE46 /* Anagrammi GUI */,
				4974AD022B7382780088DE46 /* Products */,
			);
			sourceTree = "<group>";
		};
		4974AD022B7382780088DE46 /* Products */ = {
			isa = PBXGroup;
			children = (
				4974AD012B7382780088DE46 /* Anagrammi GUI.app */,
				49B94F532B744555000C7236 /* Old macos.app */,
			);
			name = Products;
			sourceTree = "<group>";
		};
		4974AD032B7382780088DE46 /* Anagrammi GUI */ = {
			isa = PBXGroup;
			children = (
				49753F632B76E06600AFBA0C /* model */,
				4974AD132B7393970088DE46 /* Components */,
				4974AD042B7382780088DE46 /* AnagrammiApp.swift */,
				4974AD062B7382780088DE46 /* ContentView.swift */,
				4974AD082B7382790088DE46 /* Assets.xcassets */,
				4974AD0D2B7382790088DE46 /* Anagrammi_GUI.entitlements */,
				49753F622B76E03C00AFBA0C /* Resources */,
				4974AD0A2B7382790088DE46 /* Preview Content */,
			);
			path = "Anagrammi GUI";
			sourceTree = "<group>";
		};
		4974AD0A2B7382790088DE46 /* Preview Content */ = {
			isa = PBXGroup;
			children = (
				4974AD0B2B7382790088DE46 /* Preview Assets.xcassets */,
			);
			path = "Preview Content";
			sourceTree = "<group>";
		};
		4974AD132B7393970088DE46 /* Components */ = {
			isa = PBXGroup;
			children = (
				4974AD142B7393B20088DE46 /* WordsList.swift */,
				4974AD162B73B0FE0088DE46 /* InsertSentencePopover.swift */,
				49E0E91D2B742D170077B53B /* Toolbar.swift */,
			);
			path = Components;
			sourceTree = "<group>";
		};
		49753F622B76E03C00AFBA0C /* Resources */ = {
			isa = PBXGroup;
			children = (
				49753F882B77EE0800AFBA0C /* Words */,
			);
			path = Resources;
			sourceTree = "<group>";
		};
		49753F632B76E06600AFBA0C /* model */ = {
			isa = PBXGroup;
			children = (
				49753F642B76E08700AFBA0C /* WordImporter.swift */,
			);
			path = model;
			sourceTree = "<group>";
		};
/* End PBXGroup section */

/* Begin PBXNativeTarget section */
		4974AD002B7382780088DE46 /* Anagrammi GUI */ = {
			isa = PBXNativeTarget;
			buildConfigurationList = 4974AD102B7382790088DE46 /* Build configuration list for PBXNativeTarget "Anagrammi GUI" */;
			buildPhases = (
				4974ACFD2B7382780088DE46 /* Sources */,
				4974ACFE2B7382780088DE46 /* Frameworks */,
				4974ACFF2B7382780088DE46 /* Resources */,
			);
			buildRules = (
			);
			dependencies = (
			);
			name = "Anagrammi GUI";
			productName = "Anagrammi GUI";
			productReference = 4974AD012B7382780088DE46 /* Anagrammi GUI.app */;
			productType = "com.apple.product-type.application";
		};
		49B94F452B744555000C7236 /* Old macos */ = {
			isa = PBXNativeTarget;
			buildConfigurationList = 49B94F502B744555000C7236 /* Build configuration list for PBXNativeTarget "Old macos" */;
			buildPhases = (
				49B94F462B744555000C7236 /* Sources */,
				49B94F4C2B744555000C7236 /* Frameworks */,
				49B94F4D2B744555000C7236 /* Resources */,
			);
			buildRules = (
			);
			dependencies = (
			);
			name = "Old macos";
			productName = "Anagrammi GUI";
			productReference = 49B94F532B744555000C7236 /* Old macos.app */;
			productType = "com.apple.product-type.application";
		};
/* End PBXNativeTarget section */

/* Begin PBXProject section */
		4974ACF92B7382780088DE46 /* Project object */ = {
			isa = PBXProject;
			attributes = {
				BuildIndependentTargetsInParallel = 1;
				LastSwiftUpdateCheck = 1520;
				LastUpgradeCheck = 1520;
				TargetAttributes = {
					4974AD002B7382780088DE46 = {
						CreatedOnToolsVersion = 15.2;
					};
				};
			};
			buildConfigurationList = 4974ACFC2B7382780088DE46 /* Build configuration list for PBXProject "Anagrammi GUI" */;
			compatibilityVersion = "Xcode 14.0";
			developmentRegion = en;
			hasScannedForEncodings = 0;
			knownRegions = (
				en,
				Base,
			);
			mainGroup = 4974ACF82B7382780088DE46;
			productRefGroup = 4974AD022B7382780088DE46 /* Products */;
			projectDirPath = "";
			projectRoot = "";
			targets = (
				4974AD002B7382780088DE46 /* Anagrammi GUI */,
				49B94F452B744555000C7236 /* Old macos */,
			);
		};
/* End PBXProject section */

/* Begin PBXResourcesBuildPhase section */
		4974ACFF2B7382780088DE46 /* Resources */ = {
			isa = PBXResourcesBuildPhase;
			buildActionMask = 2147483647;
			files = (
				49753F892B77EE0800AFBA0C /* Words in Resources */,
				4974AD0C2B7382790088DE46 /* Preview Assets.xcassets in Resources */,
				4974AD092B7382790088DE46 /* Assets.xcassets in Resources */,
			);
			runOnlyForDeploymentPostprocessing = 0;
		};
		49B94F4D2B744555000C7236 /* Resources */ = {
			isa = PBXResourcesBuildPhase;
			buildActionMask = 2147483647;
			files = (
				49753F8A2B77EE0800AFBA0C /* Words in Resources */,
				49B94F4E2B744555000C7236 /* Preview Assets.xcassets in Resources */,
				49B94F4F2B744555000C7236 /* Assets.xcassets in Resources */,
			);
			runOnlyForDeploymentPostprocessing = 0;
		};
/* End PBXResourcesBuildPhase section */

/* Begin PBXSourcesBuildPhase section */
		4974ACFD2B7382780088DE46 /* Sources */ = {
			isa = PBXSourcesBuildPhase;
			buildActionMask = 2147483647;
			files = (
				4974AD072B7382780088DE46 /* ContentView.swift in Sources */,
				4974AD152B7393B20088DE46 /* WordsList.swift in Sources */,
				4974AD052B7382780088DE46 /* AnagrammiApp.swift in Sources */,
				49E0E91E2B742D170077B53B /* Toolbar.swift in Sources */,
				4974AD172B73B0FE0088DE46 /* InsertSentencePopover.swift in Sources */,
				49753F652B76E08700AFBA0C /* WordImporter.swift in Sources */,
			);
			runOnlyForDeploymentPostprocessing = 0;
		};
		49B94F462B744555000C7236 /* Sources */ = {
			isa = PBXSourcesBuildPhase;
			buildActionMask = 2147483647;
			files = (
				49B94F472B744555000C7236 /* ContentView.swift in Sources */,
				49753F662B77DEDC00AFBA0C /* WordImporter.swift in Sources */,
				49B94F482B744555000C7236 /* WordsList.swift in Sources */,
				49B94F492B744555000C7236 /* AnagrammiApp.swift in Sources */,
				49B94F4A2B744555000C7236 /* Toolbar.swift in Sources */,
				49B94F4B2B744555000C7236 /* InsertSentencePopover.swift in Sources */,
			);
			runOnlyForDeploymentPostprocessing = 0;
		};
/* End PBXSourcesBuildPhase section */

/* Begin XCBuildConfiguration section */
		4974AD0E2B7382790088DE46 /* Debug */ = {
			isa = XCBuildConfiguration;
			buildSettings = {
				ALWAYS_SEARCH_USER_PATHS = NO;
				ASSETCATALOG_COMPILER_GENERATE_SWIFT_ASSET_SYMBOL_EXTENSIONS = YES;
				CLANG_ANALYZER_NONNULL = YES;
				CLANG_ANALYZER_NUMBER_OBJECT_CONVERSION = YES_AGGRESSIVE;
				CLANG_CXX_LANGUAGE_STANDARD = "gnu++20";
				CLANG_ENABLE_MODULES = YES;
				CLANG_ENABLE_OBJC_ARC = YES;
				CLANG_ENABLE_OBJC_WEAK = YES;
				CLANG_WARN_BLOCK_CAPTURE_AUTORELEASING = YES;
				CLANG_WARN_BOOL_CONVERSION = YES;
				CLANG_WARN_COMMA = YES;
				CLANG_WARN_CONSTANT_CONVERSION = YES;
				CLANG_WARN_DEPRECATED_OBJC_IMPLEMENTATIONS = YES;
				CLANG_WARN_DIRECT_OBJC_ISA_USAGE = YES_ERROR;
				CLANG_WARN_DOCUMENTATION_COMMENTS = YES;
				CLANG_WARN_EMPTY_BODY = YES;
				CLANG_WARN_ENUM_CONVERSION = YES;
				CLANG_WARN_INFINITE_RECURSION = YES;
				CLANG_WARN_INT_CONVERSION = YES;
				CLANG_WARN_NON_LITERAL_NULL_CONVERSION = YES;
				CLANG_WARN_OBJC_IMPLICIT_RETAIN_SELF = YES;
				CLANG_WARN_OBJC_LITERAL_CONVERSION = YES;
				CLANG_WARN_OBJC_ROOT_CLASS = YES_ERROR;
				CLANG_WARN_QUOTED_INCLUDE_IN_FRAMEWORK_HEADER = YES;
				CLANG_WARN_RANGE_LOOP_ANALYSIS = YES;
				CLANG_WARN_STRICT_PROTOTYPES = YES;
				CLANG_WARN_SUSPICIOUS_MOVE = YES;
				CLANG_WARN_UNGUARDED_AVAILABILITY = YES_AGGRESSIVE;
				CLANG_WARN_UNREACHABLE_CODE = YES;
				CLANG_WARN__DUPLICATE_METHOD_MATCH = YES;
				COPY_PHASE_STRIP = NO;
				DEBUG_INFORMATION_FORMAT = dwarf;
				ENABLE_STRICT_OBJC_MSGSEND = YES;
				ENABLE_TESTABILITY = YES;
				ENABLE_USER_SCRIPT_SANDBOXING = YES;
				GCC_C_LANGUAGE_STANDARD = gnu17;
				GCC_DYNAMIC_NO_PIC = NO;
				GCC_NO_COMMON_BLOCKS = YES;
				GCC_OPTIMIZATION_LEVEL = 0;
				GCC_PREPROCESSOR_DEFINITIONS = (
					"DEBUG=1",
					"$(inherited)",
				);
				GCC_WARN_64_TO_32_BIT_CONVERSION = YES;
				GCC_WARN_ABOUT_RETURN_TYPE = YES_ERROR;
				GCC_WARN_UNDECLARED_SELECTOR = YES;
				GCC_WARN_UNINITIALIZED_AUTOS = YES_AGGRESSIVE;
				GCC_WARN_UNUSED_FUNCTION = YES;
				GCC_WARN_UNUSED_VARIABLE = YES;
				LOCALIZATION_PREFERS_STRING_CATALOGS = YES;
				MACOSX_DEPLOYMENT_TARGET = 14.0;
				MTL_ENABLE_DEBUG_INFO = INCLUDE_SOURCE;
				MTL_FAST_MATH = YES;
				ONLY_ACTIVE_ARCH = YES;
				SDKROOT = macosx;
				SWIFT_ACTIVE_COMPILATION_CONDITIONS = "DEBUG $(inherited)";
				SWIFT_OPTIMIZATION_LEVEL = "-Onone";
			};
			name = Debug;
		};
		4974AD0F2B7382790088DE46 /* Release */ = {
			isa = XCBuildConfiguration;
			buildSettings = {
				ALWAYS_SEARCH_USER_PATHS = NO;
				ASSETCATALOG_COMPILER_GENERATE_SWIFT_ASSET_SYMBOL_EXTENSIONS = YES;
				CLANG_ANALYZER_NONNULL = YES;
				CLANG_ANALYZER_NUMBER_OBJECT_CONVERSION = YES_AGGRESSIVE;
				CLANG_CXX_LANGUAGE_STANDARD = "gnu++20";
				CLANG_ENABLE_MODULES = YES;
				CLANG_ENABLE_OBJC_ARC = YES;
				CLANG_ENABLE_OBJC_WEAK = YES;
				CLANG_WARN_BLOCK_CAPTURE_AUTORELEASING = YES;
				CLANG_WARN_BOOL_CONVERSION = YES;
				CLANG_WARN_COMMA = YES;
				CLANG_WARN_CONSTANT_CONVERSION = YES;
				CLANG_WARN_DEPRECATED_OBJC_IMPLEMENTATIONS = YES;
				CLANG_WARN_DIRECT_OBJC_ISA_USAGE = YES_ERROR;
				CLANG_WARN_DOCUMENTATION_COMMENTS = YES;
				CLANG_WARN_EMPTY_BODY = YES;
				CLANG_WARN_ENUM_CONVERSION = YES;
				CLANG_WARN_INFINITE_RECURSION = YES;
				CLANG_WARN_INT_CONVERSION = YES;
				CLANG_WARN_NON_LITERAL_NULL_CONVERSION = YES;
				CLANG_WARN_OBJC_IMPLICIT_RETAIN_SELF = YES;
				CLANG_WARN_OBJC_LITERAL_CONVERSION = YES;
				CLANG_WARN_OBJC_ROOT_CLASS = YES_ERROR;
				CLANG_WARN_QUOTED_INCLUDE_IN_FRAMEWORK_HEADER = YES;
				CLANG_WARN_RANGE_LOOP_ANALYSIS = YES;
				CLANG_WARN_STRICT_PROTOTYPES = YES;
				CLANG_WARN_SUSPICIOUS_MOVE = YES;
				CLANG_WARN_UNGUARDED_AVAILABILITY = YES_AGGRESSIVE;
				CLANG_WARN_UNREACHABLE_CODE = YES;
				CLANG_WARN__DUPLICATE_METHOD_MATCH = YES;
				COPY_PHASE_STRIP = NO;
				DEBUG_INFORMATION_FORMAT = "dwarf-with-dsym";
				ENABLE_NS_ASSERTIONS = NO;
				ENABLE_STRICT_OBJC_MSGSEND = YES;
				ENABLE_USER_SCRIPT_SANDBOXING = YES;
				GCC_C_LANGUAGE_STANDARD = gnu17;
				GCC_NO_COMMON_BLOCKS = YES;
				GCC_WARN_64_TO_32_BIT_CONVERSION = YES;
				GCC_WARN_ABOUT_RETURN_TYPE = YES_ERROR;
				GCC_WARN_UNDECLARED_SELECTOR = YES;
				GCC_WARN_UNINITIALIZED_AUTOS = YES_AGGRESSIVE;
				GCC_WARN_UNUSED_FUNCTION = YES;
				GCC_WARN_UNUSED_VARIABLE = YES;
				LOCALIZATION_PREFERS_STRING_CATALOGS = YES;
				MACOSX_DEPLOYMENT_TARGET = 14.0;
				MTL_ENABLE_DEBUG_INFO = NO;
				MTL_FAST_MATH = YES;
				SDKROOT = macosx;
				SWIFT_COMPILATION_MODE = wholemodule;
			};
			name = Release;
		};
		4974AD112B7382790088DE46 /* Debug */ = {
			isa = XCBuildConfiguration;
			buildSettings = {
				ASSETCATALOG_COMPILER_APPICON_NAME = AppIcon;
				ASSETCATALOG_COMPILER_GLOBAL_ACCENT_COLOR_NAME = AccentColor;
				CODE_SIGN_ENTITLEMENTS = "Anagrammi GUI/Anagrammi_GUI.entitlements";
				"CODE_SIGN_IDENTITY[sdk=macosx*]" = "-";
				CODE_SIGN_STYLE = Automatic;
				COMBINE_HIDPI_IMAGES = YES;
				CURRENT_PROJECT_VERSION = 1;
				DEVELOPMENT_ASSET_PATHS = "\"Anagrammi GUI/Preview Content\"";
				DEVELOPMENT_TEAM = 2RGJZ7QY5B;
				ENABLE_HARDENED_RUNTIME = YES;
				ENABLE_PREVIEWS = YES;
				GCC_PREPROCESSOR_DEFINITIONS = "DEBUG=1";
				GENERATE_INFOPLIST_FILE = YES;
				INFOPLIST_KEY_NSHumanReadableCopyright = "";
				LD_RUNPATH_SEARCH_PATHS = (
					"$(inherited)",
					"@executable_path/../Frameworks",
				);
				MACOSX_DEPLOYMENT_TARGET = 14.0;
				MARKETING_VERSION = 1.0;
				PRODUCT_BUNDLE_IDENTIFIER = "com.marini.Anagrammi-GUI";
				PRODUCT_NAME = "$(TARGET_NAME)";
				SWIFT_EMIT_LOC_STRINGS = YES;
				SWIFT_VERSION = 5.0;
			};
			name = Debug;
		};
		4974AD122B7382790088DE46 /* Release */ = {
			isa = XCBuildConfiguration;
			buildSettings = {
				ASSETCATALOG_COMPILER_APPICON_NAME = AppIcon;
				ASSETCATALOG_COMPILER_GLOBAL_ACCENT_COLOR_NAME = AccentColor;
				CODE_SIGN_ENTITLEMENTS = "Anagrammi GUI/Anagrammi_GUI.entitlements";
				"CODE_SIGN_IDENTITY[sdk=macosx*]" = "-";
				CODE_SIGN_STYLE = Automatic;
				COMBINE_HIDPI_IMAGES = YES;
				CURRENT_PROJECT_VERSION = 1;
				DEVELOPMENT_ASSET_PATHS = "\"Anagrammi GUI/Preview Content\"";
				DEVELOPMENT_TEAM = 2RGJZ7QY5B;
				ENABLE_HARDENED_RUNTIME = YES;
				ENABLE_PREVIEWS = YES;
				GCC_PREPROCESSOR_DEFINITIONS = "";
				GENERATE_INFOPLIST_FILE = YES;
				INFOPLIST_KEY_NSHumanReadableCopyright = "";
				LD_RUNPATH_SEARCH_PATHS = (
					"$(inherited)",
					"@executable_path/../Frameworks",
				);
				MACOSX_DEPLOYMENT_TARGET = 14.0;
				MARKETING_VERSION = 1.0;
				PRODUCT_BUNDLE_IDENTIFIER = "com.marini.Anagrammi-GUI";
				PRODUCT_NAME = "$(TARGET_NAME)";
				SWIFT_EMIT_LOC_STRINGS = YES;
				SWIFT_VERSION = 5.0;
			};
			name = Release;
		};
		49B94F512B744555000C7236 /* Debug */ = {
			isa = XCBuildConfiguration;
			buildSettings = {
				ASSETCATALOG_COMPILER_APPICON_NAME = AppIcon;
				ASSETCATALOG_COMPILER_GLOBAL_ACCENT_COLOR_NAME = AccentColor;
				CODE_SIGN_ENTITLEMENTS = "Anagrammi GUI/Anagrammi_GUI.entitlements";
				"CODE_SIGN_IDENTITY[sdk=macosx*]" = "-";
				CODE_SIGN_STYLE = Automatic;
				COMBINE_HIDPI_IMAGES = YES;
				CURRENT_PROJECT_VERSION = 1;
				DEVELOPMENT_ASSET_PATHS = "\"Anagrammi GUI/Preview Content\"";
				DEVELOPMENT_TEAM = 2RGJZ7QY5B;
				ENABLE_HARDENED_RUNTIME = YES;
				ENABLE_PREVIEWS = YES;
				GCC_PREPROCESSOR_DEFINITIONS = "DEBUG=1";
				GENERATE_INFOPLIST_FILE = YES;
				INFOPLIST_KEY_NSHumanReadableCopyright = "";
				LD_RUNPATH_SEARCH_PATHS = (
					"$(inherited)",
					"@executable_path/../Frameworks",
				);
				MACOSX_DEPLOYMENT_TARGET = 13.0;
				MARKETING_VERSION = 1.0;
				PRODUCT_BUNDLE_IDENTIFIER = "com.marini.Anagrammi-GUI";
				PRODUCT_NAME = "$(TARGET_NAME)";
				"SWIFT_ACTIVE_COMPILATION_CONDITIONS[arch=*]" = "$(inherited) LEGACY_MACOS";
				SWIFT_EMIT_LOC_STRINGS = YES;
				SWIFT_VERSION = 5.0;
			};
			name = Debug;
		};
		49B94F522B744555000C7236 /* Release */ = {
			isa = XCBuildConfiguration;
			buildSettings = {
				ASSETCATALOG_COMPILER_APPICON_NAME = AppIcon;
				ASSETCATALOG_COMPILER_GLOBAL_ACCENT_COLOR_NAME = AccentColor;
				CODE_SIGN_ENTITLEMENTS = "Anagrammi GUI/Anagrammi_GUI.entitlements";
				"CODE_SIGN_IDENTITY[sdk=macosx*]" = "-";
				CODE_SIGN_STYLE = Automatic;
				COMBINE_HIDPI_IMAGES = YES;
				CURRENT_PROJECT_VERSION = 1;
				DEVELOPMENT_ASSET_PATHS = "\"Anagrammi GUI/Preview Content\"";
				DEVELOPMENT_TEAM = 2RGJZ7QY5B;
				ENABLE_HARDENED_RUNTIME = YES;
				ENABLE_PREVIEWS = YES;
				GCC_PREPROCESSOR_DEFINITIONS = "";
				GENERATE_INFOPLIST_FILE = YES;
				INFOPLIST_KEY_NSHumanReadableCopyright = "";
				LD_RUNPATH_SEARCH_PATHS = (
					"$(inherited)",
					"@executable_path/../Frameworks",
				);
				MACOSX_DEPLOYMENT_TARGET = 13.0;
				MARKETING_VERSION = 1.0;
				PRODUCT_BUNDLE_IDENTIFIER = "com.marini.Anagrammi-GUI";
				PRODUCT_NAME = "$(TARGET_NAME)";
				SWIFT_EMIT_LOC_STRINGS = YES;
				SWIFT_VERSION = 5.0;
			};
			name = Release;
		};
/* End XCBuildConfiguration section */

/* Begin XCConfigurationList section */
		4974ACFC2B7382780088DE46 /* Build configuration list for PBXProject "Anagrammi GUI" */ = {
			isa = XCConfigurationList;
			buildConfigurations = (
				4974AD0E2B7382790088DE46 /* Debug */,
				4974AD0F2B7382790088DE46 /* Release */,
			);
			defaultConfigurationIsVisible = 0;
			defaultConfigurationName = Release;
		};
		4974AD102B7382790088DE46 /* Build configuration list for PBXNativeTarget "Anagrammi GUI" */ = {
			isa = XCConfigurationList;
			buildConfigurations = (
				4974AD112B7382790088DE46 /* Debug */,
				4974AD122B7382790088DE46 /* Release */,
			);
			defaultConfigurationIsVisible = 0;
			defaultConfigurationName = Release;
		};
		49B94F502B744555000C7236 /* Build configuration list for PBXNativeTarget "Old macos" */ = {
			isa = XCConfigurationList;
			buildConfigurations = (
				49B94F512B744555000C7236 /* Debug */,
				49B94F522B744555000C7236 /* Release */,
			);
			defaultConfigurationIsVisible = 0;
			defaultConfigurationName = Release;
		};
/* End XCConfigurationList section */
	};
	rootObject = 4974ACF92B7382780088DE46 /* Project object */;
}
